// !$*UTF8*$!
{
	archiveVersion = 1;
	classes = {
	};
	objectVersion = 50;
	objects = {

/* Begin PBXBuildFile section */
		004CDA61251F195E00A18819 /* AppDelegate.swift in Sources */ = {isa = PBXBuildFile; fileRef = 004CDA60251F195E00A18819 /* AppDelegate.swift */; };
		004CDA63251F195E00A18819 /* SceneDelegate.swift in Sources */ = {isa = PBXBuildFile; fileRef = 004CDA62251F195E00A18819 /* SceneDelegate.swift */; };
		004CDA65251F195E00A18819 /* LobbyView.swift in Sources */ = {isa = PBXBuildFile; fileRef = 004CDA64251F195E00A18819 /* LobbyView.swift */; };
		004CDA67251F196800A18819 /* Assets.xcassets in Resources */ = {isa = PBXBuildFile; fileRef = 004CDA66251F196800A18819 /* Assets.xcassets */; };
		004CDA6A251F196800A18819 /* Preview Assets.xcassets in Resources */ = {isa = PBXBuildFile; fileRef = 004CDA69251F196800A18819 /* Preview Assets.xcassets */; };
		004CDA6D251F196800A18819 /* LaunchScreen.storyboard in Resources */ = {isa = PBXBuildFile; fileRef = 004CDA6B251F196800A18819 /* LaunchScreen.storyboard */; };
/* End PBXBuildFile section */

/* Begin PBXFileReference section */
		004CDA5D251F195E00A18819 /* Comptialize!.app */ = {isa = PBXFileReference; explicitFileType = wrapper.application; includeInIndex = 0; path = "Comptialize!.app"; sourceTree = BUILT_PRODUCTS_DIR; };
		004CDA60251F195E00A18819 /* AppDelegate.swift */ = {isa = PBXFileReference; lastKnownFileType = sourcecode.swift; path = AppDelegate.swift; sourceTree = "<group>"; };
		004CDA62251F195E00A18819 /* SceneDelegate.swift */ = {isa = PBXFileReference; lastKnownFileType = sourcecode.swift; path = SceneDelegate.swift; sourceTree = "<group>"; };
		004CDA64251F195E00A18819 /* LobbyView.swift */ = {isa = PBXFileReference; lastKnownFileType = sourcecode.swift; path = LobbyView.swift; sourceTree = "<group>"; };
		004CDA66251F196800A18819 /* Assets.xcassets */ = {isa = PBXFileReference; lastKnownFileType = folder.assetcatalog; path = Assets.xcassets; sourceTree = "<group>"; };
		004CDA69251F196800A18819 /* Preview Assets.xcassets */ = {isa = PBXFileReference; lastKnownFileType = folder.assetcatalog; path = "Preview Assets.xcassets"; sourceTree = "<group>"; };
		004CDA6C251F196800A18819 /* Base */ = {isa = PBXFileReference; lastKnownFileType = file.storyboard; name = Base; path = Base.lproj/LaunchScreen.storyboard; sourceTree = "<group>"; };
		004CDA6E251F196800A18819 /* Info.plist */ = {isa = PBXFileReference; lastKnownFileType = text.plist.xml; path = Info.plist; sourceTree = "<group>"; };
/* End PBXFileReference section */

/* Begin PBXFrameworksBuildPhase section */
		004CDA5A251F195E00A18819 /* Frameworks */ = {
			isa = PBXFrameworksBuildPhase;
			buildActionMask = 2147483647;
			files = (
			);
			runOnlyForDeploymentPostprocessing = 0;
		};
/* End PBXFrameworksBuildPhase section */

/* Begin PBXGroup section */
		004CDA54251F195E00A18819 = {
			isa = PBXGroup;
			children = (
				004CDA5F251F195E00A18819 /* Comptialize! */,
				004CDA5E251F195E00A18819 /* Products */,
			);
			sourceTree = "<group>";
		};
		004CDA5E251F195E00A18819 /* Products */ = {
			isa = PBXGroup;
			children = (
				004CDA5D251F195E00A18819 /* Comptialize!.app */,
			);
			name = Products;
			sourceTree = "<group>";
		};
		004CDA5F251F195E00A18819 /* Comptialize! */ = {
			isa = PBXGroup;
			children = (
				004CDA60251F195E00A18819 /* AppDelegate.swift */,
				004CDA62251F195E00A18819 /* SceneDelegate.swift */,
				004CDA64251F195E00A18819 /* LobbyView.swift */,
				004CDA66251F196800A18819 /* Assets.xcassets */,
				004CDA6B251F196800A18819 /* LaunchScreen.storyboard */,
				004CDA6E251F196800A18819 /* Info.plist */,
				004CDA68251F196800A18819 /* Preview Content */,
			);
			path = "Comptialize!";
			sourceTree = "<group>";
		};
		004CDA68251F196800A18819 /* Preview Content */ = {
			isa = PBXGroup;
			children = (
				004CDA69251F196800A18819 /* Preview Assets.xcassets */,
			);
			path = "Preview Content";
			sourceTree = "<group>";
		};
/* End PBXGroup section */

/* Begin PBXNativeTarget section */
		004CDA5C251F195E00A18819 /* Comptialize! */ = {
			isa = PBXNativeTarget;
			buildConfigurationList = 004CDA71251F196800A18819 /* Build configuration list for PBXNativeTarget "Comptialize!" */;
			buildPhases = (
				004CDA59251F195E00A18819 /* Sources */,
				004CDA5A251F195E00A18819 /* Frameworks */,
				004CDA5B251F195E00A18819 /* Resources */,
			);
			buildRules = (
			);
			dependencies = (
			);
			name = "Comptialize!";
			productName = "Comptialize!";
			productReference = 004CDA5D251F195E00A18819 /* Comptialize!.app */;
			productType = "com.apple.product-type.application";
		};
/* End PBXNativeTarget section */

/* Begin PBXProject section */
		004CDA55251F195E00A18819 /* Project object */ = {
			isa = PBXProject;
			attributes = {
				LastSwiftUpdateCheck = 1160;
				LastUpgradeCheck = 1160;
				ORGANIZATIONNAME = "Eric Huang";
				TargetAttributes = {
					004CDA5C251F195E00A18819 = {
						CreatedOnToolsVersion = 11.6;
					};
				};
			};
			buildConfigurationList = 004CDA58251F195E00A18819 /* Build configuration list for PBXProject "Comptialize!" */;
			compatibilityVersion = "Xcode 9.3";
			developmentRegion = en;
			hasScannedForEncodings = 0;
			knownRegions = (
				en,
				Base,
			);
			mainGroup = 004CDA54251F195E00A18819;
			productRefGroup = 004CDA5E251F195E00A18819 /* Products */;
			projectDirPath = "";
			projectRoot = "";
			targets = (
				004CDA5C251F195E00A18819 /* Comptialize! */,
			);
		};
/* End PBXProject section */

/* Begin PBXResourcesBuildPhase section */
		004CDA5B251F195E00A18819 /* Resources */ = {
			isa = PBXResourcesBuildPhase;
			buildActionMask = 2147483647;
			files = (
				004CDA6D251F196800A18819 /* LaunchScreen.storyboard in Resources */,
				004CDA6A251F196800A18819 /* Preview Assets.xcassets in Resources */,
				004CDA67251F196800A18819 /* Assets.xcassets in Resources */,
			);
			runOnlyForDeploymentPostprocessing = 0;
		};
/* End PBXResourcesBuildPhase section */

/* Begin PBXSourcesBuildPhase section */
		004CDA59251F195E00A18819 /* Sources */ = {
			isa = PBXSourcesBuildPhase;
			buildActionMask = 2147483647;
			files = (
				004CDA61251F195E00A18819 /* AppDelegate.swift in Sources */,
				004CDA63251F195E00A18819 /* SceneDelegate.swift in Sources */,
				004CDA65251F195E00A18819 /* LobbyView.swift in Sources */,
			);
			runOnlyForDeploymentPostprocessing = 0;
		};
/* End PBXSourcesBuildPhase section */

/* Begin PBXVariantGroup section */
		004CDA6B251F196800A18819 /* LaunchScreen.storyboard */ = {
			isa = PBXVariantGroup;
			children = (
				004CDA6C251F196800A18819 /* Base */,
			);
			name = LaunchScreen.storyboard;
			sourceTree = "<group>";
		};
/* End PBXVariantGroup section */

/* Begin XCBuildConfiguration section */
		004CDA6F251F196800A18819 /* Debug */ = {
			isa = XCBuildConfiguration;
			buildSettings = {
				ALWAYS_SEARCH_USER_PATHS = NO;
				CLANG_ANALYZER_NONNULL = YES;
				CLANG_ANALYZER_NUMBER_OBJECT_CONVERSION = YES_AGGRESSIVE;
				CLANG_CXX_LANGUAGE_STANDARD = "gnu++14";
				CLANG_CXX_LIBRARY = "libc++";
				CLANG_ENABLE_MODULES = YES;
				CLANG_ENABLE_OBJC_ARC = YES;
				CLANG_ENABLE_OBJC_WEAK = YES;
				CLANG_WARN_BLOCK_CAPTURE_AUTORELEASING = YES;
				CLANG_WARN_BOOL_CONVERSION = YES;
				CLANG_WARN_COMMA = YES;
				CLANG_WARN_CONSTANT_CONVERSION = YES;
				CLANG_WARN_DEPRECATED_OBJC_IMPLEMENTATIONS = YES;
				CLANG_WARN_DIRECT_OBJC_ISA_USAGE = YES_ERROR;
				CLANG_WARN_DOCUMENTATION_COMMENTS = YES;
				CLANG_WARN_EMPTY_BODY = YES;
				CLANG_WARN_ENUM_CONVERSION = YES;
				CLANG_WARN_INFINITE_RECURSION = YES;
				CLANG_WARN_INT_CONVERSION = YES;
				CLANG_WARN_NON_LITERAL_NULL_CONVERSION = YES;
				CLANG_WARN_OBJC_IMPLICIT_RETAIN_SELF = YES;
				CLANG_WARN_OBJC_LITERAL_CONVERSION = YES;
				CLANG_WARN_OBJC_ROOT_CLASS = YES_ERROR;
				CLANG_WARN_RANGE_LOOP_ANALYSIS = YES;
				CLANG_WARN_STRICT_PROTOTYPES = YES;
				CLANG_WARN_SUSPICIOUS_MOVE = YES;
				CLANG_WARN_UNGUARDED_AVAILABILITY = YES_AGGRESSIVE;
				CLANG_WARN_UNREACHABLE_CODE = YES;
				CLANG_WARN__DUPLICATE_METHOD_MATCH = YES;
				COPY_PHASE_STRIP = NO;
				DEBUG_INFORMATION_FORMAT = dwarf;
				ENABLE_STRICT_OBJC_MSGSEND = YES;
				ENABLE_TESTABILITY = YES;
				GCC_C_LANGUAGE_STANDARD = gnu11;
				GCC_DYNAMIC_NO_PIC = NO;
				GCC_NO_COMMON_BLOCKS = YES;
				GCC_OPTIMIZATION_LEVEL = 0;
				GCC_PREPROCESSOR_DEFINITIONS = (
					"DEBUG=1",
					"$(inherited)",
				);
				GCC_WARN_64_TO_32_BIT_CONVERSION = YES;
				GCC_WARN_ABOUT_RETURN_TYPE = YES_ERROR;
				GCC_WARN_UNDECLARED_SELECTOR = YES;
				GCC_WARN_UNINITIALIZED_AUTOS = YES_AGGRESSIVE;
				GCC_WARN_UNUSED_FUNCTION = YES;
				GCC_WARN_UNUSED_VARIABLE = YES;
				IPHONEOS_DEPLOYMENT_TARGET = 13.6;
				MTL_ENABLE_DEBUG_INFO = INCLUDE_SOURCE;
				MTL_FAST_MATH = YES;
				ONLY_ACTIVE_ARCH = YES;
				SDKROOT = iphoneos;
				SWIFT_ACTIVE_COMPILATION_CONDITIONS = DEBUG;
				SWIFT_OPTIMIZATION_LEVEL = "-Onone";
			};
			name = Debug;
		};
		004CDA70251F196800A18819 /* Release */ = {
			isa = XCBuildConfiguration;
			buildSettings = {
				ALWAYS_SEARCH_USER_PATHS = NO;
				CLANG_ANALYZER_NONNULL = YES;
				CLANG_ANALYZER_NUMBER_OBJECT_CONVERSION = YES_AGGRESSIVE;
				CLANG_CXX_LANGUAGE_STANDARD = "gnu++14";
				CLANG_CXX_LIBRARY = "libc++";
				CLANG_ENABLE_MODULES = YES;
				CLANG_ENABLE_OBJC_ARC = YES;
				CLANG_ENABLE_OBJC_WEAK = YES;
				CLANG_WARN_BLOCK_CAPTURE_AUTORELEASING = YES;
				CLANG_WARN_BOOL_CONVERSION = YES;
				CLANG_WARN_COMMA = YES;
				CLANG_WARN_CONSTANT_CONVERSION = YES;
				CLANG_WARN_DEPRECATED_OBJC_IMPLEMENTATIONS = YES;
				CLANG_WARN_DIRECT_OBJC_ISA_USAGE = YES_ERROR;
				CLANG_WARN_DOCUMENTATION_COMMENTS = YES;
				CLANG_WARN_EMPTY_BODY = YES;
				CLANG_WARN_ENUM_CONVERSION = YES;
				CLANG_WARN_INFINITE_RECURSION = YES;
				CLANG_WARN_INT_CONVERSION = YES;
				CLANG_WARN_NON_LITERAL_NULL_CONVERSION = YES;
				CLANG_WARN_OBJC_IMPLICIT_RETAIN_SELF = YES;
				CLANG_WARN_OBJC_LITERAL_CONVERSION = YES;
				CLANG_WARN_OBJC_ROOT_CLASS = YES_ERROR;
				CLANG_WARN_RANGE_LOOP_ANALYSIS = YES;
				CLANG_WARN_STRICT_PROTOTYPES = YES;
				CLANG_WARN_SUSPICIOUS_MOVE = YES;
				CLANG_WARN_UNGUARDED_AVAILABILITY = YES_AGGRESSIVE;
				CLANG_WARN_UNREACHABLE_CODE = YES;
				CLANG_WARN__DUPLICATE_METHOD_MATCH = YES;
				COPY_PHASE_STRIP = NO;
				DEBUG_INFORMATION_FORMAT = "dwarf-with-dsym";
				ENABLE_NS_ASSERTIONS = NO;
				ENABLE_STRICT_OBJC_MSGSEND = YES;
				GCC_C_LANGUAGE_STANDARD = gnu11;
				GCC_NO_COMMON_BLOCKS = YES;
				GCC_WARN_64_TO_32_BIT_CONVERSION = YES;
				GCC_WARN_ABOUT_RETURN_TYPE = YES_ERROR;
				GCC_WARN_UNDECLARED_SELECTOR = YES;
				GCC_WARN_UNINITIALIZED_AUTOS = YES_AGGRESSIVE;
				GCC_WARN_UNUSED_FUNCTION = YES;
				GCC_WARN_UNUSED_VARIABLE = YES;
				IPHONEOS_DEPLOYMENT_TARGET = 13.6;
				MTL_ENABLE_DEBUG_INFO = NO;
				MTL_FAST_MATH = YES;
				SDKROOT = iphoneos;
				SWIFT_COMPILATION_MODE = wholemodule;
				SWIFT_OPTIMIZATION_LEVEL = "-O";
				VALIDATE_PRODUCT = YES;
			};
			name = Release;
		};
		004CDA72251F196800A18819 /* Debug */ = {
			isa = XCBuildConfiguration;
			buildSettings = {
				ASSETCATALOG_COMPILER_APPICON_NAME = AppIcon;
				CODE_SIGN_STYLE = Automatic;
				DEVELOPMENT_ASSET_PATHS = "\"Comptialize!/Preview Content\"";
				DEVELOPMENT_TEAM = 4GL4S84VTR;
				ENABLE_PREVIEWS = YES;
				INFOPLIST_FILE = "Comptialize!/Info.plist";
				LD_RUNPATH_SEARCH_PATHS = (
					"$(inherited)",
					"@executable_path/Frameworks",
				);
				PRODUCT_BUNDLE_IDENTIFIER = "com.erichuang1425.Comptialize-";
				PRODUCT_NAME = "$(TARGET_NAME)";
				SWIFT_VERSION = 5.0;
				TARGETED_DEVICE_FAMILY = "1,2";
			};
			name = Debug;
		};
		004CDA73251F196800A18819 /* Release */ = {
			isa = XCBuildConfiguration;
			buildSettings = {
				ASSETCATALOG_COMPILER_APPICON_NAME = AppIcon;
				CODE_SIGN_STYLE = Automatic;
				DEVELOPMENT_ASSET_PATHS = "\"Comptialize!/Preview Content\"";
				DEVELOPMENT_TEAM = 4GL4S84VTR;
				ENABLE_PREVIEWS = YES;
				INFOPLIST_FILE = "Comptialize!/Info.plist";
				LD_RUNPATH_SEARCH_PATHS = (
					"$(inherited)",
					"@executable_path/Frameworks",
				);
				PRODUCT_BUNDLE_IDENTIFIER = "com.erichuang1425.Comptialize-";
				PRODUCT_NAME = "$(TARGET_NAME)";
				SWIFT_VERSION = 5.0;
				TARGETED_DEVICE_FAMILY = "1,2";
			};
			name = Release;
		};
/* End XCBuildConfiguration section */

/* Begin XCConfigurationList section */
		004CDA58251F195E00A18819 /* Build configuration list for PBXProject "Comptialize!" */ = {
			isa = XCConfigurationList;
			buildConfigurations = (
				004CDA6F251F196800A18819 /* Debug */,
				004CDA70251F196800A18819 /* Release */,
			);
			defaultConfigurationIsVisible = 0;
			defaultConfigurationName = Release;
		};
		004CDA71251F196800A18819 /* Build configuration list for PBXNativeTarget "Comptialize!" */ = {
			isa = XCConfigurationList;
			buildConfigurations = (
				004CDA72251F196800A18819 /* Debug */,
				004CDA73251F196800A18819 /* Release */,
			);
			defaultConfigurationIsVisible = 0;
			defaultConfigurationName = Release;
		};
/* End XCConfigurationList section */
	};
	rootObject = 004CDA55251F195E00A18819 /* Project object */;
}
